
Microsoft Visual Studio Solution File, Format Version 12.00
# Visual Studio 15
VisualStudioVersion = 15.0.27703.2047
MinimumVisualStudioVersion = 10.0.40219.1
Project("{FAE04EC0-301F-11D3-BF4B-00C04F79EFBC}") = "CentralitaHerencia", "CentralitaHerencia\CentralitaHerencia.csproj", "{4B04B3A4-CD68-4F7C-80AA-8BA21EE637FE}"
EndProject
Project("{FAE04EC0-301F-11D3-BF4B-00C04F79EFBC}") = "Test", "Test\Test.csproj", "{DC48F73E-E7F1-4E21-B298-E28FCFBD546F}"
EndProject
Global
	GlobalSection(SolutionConfigurationPlatforms) = preSolution
		Debug|Any CPU = Debug|Any CPU
		Release|Any CPU = Release|Any CPU
	EndGlobalSection
	GlobalSection(ProjectConfigurationPlatforms) = postSolution
		{4B04B3A4-CD68-4F7C-80AA-8BA21EE637FE}.Debug|Any CPU.ActiveCfg = Debug|Any CPU
		{4B04B3A4-CD68-4F7C-80AA-8BA21EE637FE}.Debug|Any CPU.Build.0 = Debug|Any CPU
		{4B04B3A4-CD68-4F7C-80AA-8BA21EE637FE}.Release|Any CPU.ActiveCfg = Release|Any CPU
		{4B04B3A4-CD68-4F7C-80AA-8BA21EE637FE}.Release|Any CPU.Build.0 = Release|Any CPU
		{DC48F73E-E7F1-4E21-B298-E28FCFBD546F}.Debug|Any CPU.ActiveCfg = Debug|Any CPU
		{DC48F73E-E7F1-4E21-B298-E28FCFBD546F}.Debug|Any CPU.Build.0 = Debug|Any CPU
		{DC48F73E-E7F1-4E21-B298-E28FCFBD546F}.Release|Any CPU.ActiveCfg = Release|Any CPU
		{DC48F73E-E7F1-4E21-B298-E28FCFBD546F}.Release|Any CPU.Build.0 = Release|Any CPU
	EndGlobalSection
	GlobalSection(SolutionProperties) = preSolution
		HideSolutionNode = FALSE
	EndGlobalSection
	GlobalSection(ExtensibilityGlobals) = postSolution
		SolutionGuid = {5F2EEEFB-C1DB-4E86-AD2E-076D383E4DE9}
	EndGlobalSection
EndGlobal
