
Microsoft Visual Studio Solution File, Format Version 12.00
# Visual Studio 15
VisualStudioVersion = 15.0.28307.757
MinimumVisualStudioVersion = 10.0.40219.1
Project("{FAE04EC0-301F-11D3-BF4B-00C04F79EFBC}") = "Ejercicio_01", "GuiaEjercicios\Ejercicio_01.csproj", "{68C3F30A-DDBE-4C27-B710-C4C3D96D2518}"
EndProject
Project("{FAE04EC0-301F-11D3-BF4B-00C04F79EFBC}") = "Ejercicio_02", "Ejercicio_02\Ejercicio_02.csproj", "{0ACBE655-208C-427A-BF25-7959E54726B3}"
EndProject
Project("{FAE04EC0-301F-11D3-BF4B-00C04F79EFBC}") = "Ejercicio_03", "Ejercicio_03\Ejercicio_03.csproj", "{40E75059-0343-47F0-828A-B930632137B8}"
EndProject
Project("{FAE04EC0-301F-11D3-BF4B-00C04F79EFBC}") = "Ejercicio_04", "Ejercicio_04\Ejercicio_04.csproj", "{D27A4FEF-3844-4B97-A5B5-9C7030A3CA76}"
EndProject
Project("{FAE04EC0-301F-11D3-BF4B-00C04F79EFBC}") = "Ejercicio_05", "Ejercicio_05\Ejercicio_05.csproj", "{6C6B4CB6-9894-43CC-9132-CA00AF511E18}"
EndProject
Project("{FAE04EC0-301F-11D3-BF4B-00C04F79EFBC}") = "Ejercicio_06", "Ejercicio_06\Ejercicio_06.csproj", "{7EA50B7F-D4D8-4199-BF02-83D37C044814}"
EndProject
Project("{FAE04EC0-301F-11D3-BF4B-00C04F79EFBC}") = "Ejercicio_07", "Ejercicio_07\Ejercicio_07.csproj", "{19A42C90-E3D9-491D-AD64-558E965B972F}"
EndProject
Project("{FAE04EC0-301F-11D3-BF4B-00C04F79EFBC}") = "Ejercicio_08", "Ejercicio_08\Ejercicio_08.csproj", "{1FF3FC03-88A9-437D-832A-2FDE8579F2F5}"
EndProject
Project("{FAE04EC0-301F-11D3-BF4B-00C04F79EFBC}") = "Ejercicio_09", "Ejercicio_09\Ejercicio_09.csproj", "{1BC3E9F0-37CD-49A7-AB21-7C7D6DB6B8D6}"
EndProject
Project("{FAE04EC0-301F-11D3-BF4B-00C04F79EFBC}") = "Ejercicio_10", "Ejercicio_10\Ejercicio_10.csproj", "{1CB944CE-B62F-48E5-AB84-367C8B36CE9D}"
EndProject
Project("{FAE04EC0-301F-11D3-BF4B-00C04F79EFBC}") = "Ejercicio_11", "Ejercicio_11\Ejercicio_11.csproj", "{EDF183F6-B2B3-4557-A4C1-3F6E26B19B35}"
EndProject
Project("{FAE04EC0-301F-11D3-BF4B-00C04F79EFBC}") = "Ejercicio_12", "Ejercicio_12\Ejercicio_12.csproj", "{11CB6963-78D4-4E52-90AF-80527A7498C3}"
EndProject
Project("{FAE04EC0-301F-11D3-BF4B-00C04F79EFBC}") = "Ejercicio_13", "Ejercicio_13\Ejercicio_13.csproj", "{73BD37CC-FFA4-4274-B352-AE7748CB329F}"
EndProject
Project("{FAE04EC0-301F-11D3-BF4B-00C04F79EFBC}") = "Ejercicio_14", "Ejerecicio_14\Ejercicio_14.csproj", "{792FC15E-69F8-4AF6-B5CB-4E2E2AB80A5B}"
EndProject
Project("{FAE04EC0-301F-11D3-BF4B-00C04F79EFBC}") = "Ejercicio_15", "Ejercicio_15\Ejercicio_15.csproj", "{56B005FD-DC4B-4934-BD80-278A106B4023}"
EndProject
Project("{FAE04EC0-301F-11D3-BF4B-00C04F79EFBC}") = "Ejercicio_16", "Ejercicio_16\Ejercicio_16.csproj", "{DE8E95E7-8F60-42B2-B4FE-7822FCEDEDBA}"
EndProject
Global
	GlobalSection(SolutionConfigurationPlatforms) = preSolution
		Debug|Any CPU = Debug|Any CPU
		Release|Any CPU = Release|Any CPU
	EndGlobalSection
	GlobalSection(ProjectConfigurationPlatforms) = postSolution
		{68C3F30A-DDBE-4C27-B710-C4C3D96D2518}.Debug|Any CPU.ActiveCfg = Debug|Any CPU
		{68C3F30A-DDBE-4C27-B710-C4C3D96D2518}.Debug|Any CPU.Build.0 = Debug|Any CPU
		{68C3F30A-DDBE-4C27-B710-C4C3D96D2518}.Release|Any CPU.ActiveCfg = Release|Any CPU
		{68C3F30A-DDBE-4C27-B710-C4C3D96D2518}.Release|Any CPU.Build.0 = Release|Any CPU
		{0ACBE655-208C-427A-BF25-7959E54726B3}.Debug|Any CPU.ActiveCfg = Debug|Any CPU
		{0ACBE655-208C-427A-BF25-7959E54726B3}.Debug|Any CPU.Build.0 = Debug|Any CPU
		{0ACBE655-208C-427A-BF25-7959E54726B3}.Release|Any CPU.ActiveCfg = Release|Any CPU
		{0ACBE655-208C-427A-BF25-7959E54726B3}.Release|Any CPU.Build.0 = Release|Any CPU
		{40E75059-0343-47F0-828A-B930632137B8}.Debug|Any CPU.ActiveCfg = Debug|Any CPU
		{40E75059-0343-47F0-828A-B930632137B8}.Debug|Any CPU.Build.0 = Debug|Any CPU
		{40E75059-0343-47F0-828A-B930632137B8}.Release|Any CPU.ActiveCfg = Release|Any CPU
		{40E75059-0343-47F0-828A-B930632137B8}.Release|Any CPU.Build.0 = Release|Any CPU
		{D27A4FEF-3844-4B97-A5B5-9C7030A3CA76}.Debug|Any CPU.ActiveCfg = Debug|Any CPU
		{D27A4FEF-3844-4B97-A5B5-9C7030A3CA76}.Debug|Any CPU.Build.0 = Debug|Any CPU
		{D27A4FEF-3844-4B97-A5B5-9C7030A3CA76}.Release|Any CPU.ActiveCfg = Release|Any CPU
		{D27A4FEF-3844-4B97-A5B5-9C7030A3CA76}.Release|Any CPU.Build.0 = Release|Any CPU
		{6C6B4CB6-9894-43CC-9132-CA00AF511E18}.Debug|Any CPU.ActiveCfg = Debug|Any CPU
		{6C6B4CB6-9894-43CC-9132-CA00AF511E18}.Debug|Any CPU.Build.0 = Debug|Any CPU
		{6C6B4CB6-9894-43CC-9132-CA00AF511E18}.Release|Any CPU.ActiveCfg = Release|Any CPU
		{6C6B4CB6-9894-43CC-9132-CA00AF511E18}.Release|Any CPU.Build.0 = Release|Any CPU
		{7EA50B7F-D4D8-4199-BF02-83D37C044814}.Debug|Any CPU.ActiveCfg = Debug|Any CPU
		{7EA50B7F-D4D8-4199-BF02-83D37C044814}.Debug|Any CPU.Build.0 = Debug|Any CPU
		{7EA50B7F-D4D8-4199-BF02-83D37C044814}.Release|Any CPU.ActiveCfg = Release|Any CPU
		{7EA50B7F-D4D8-4199-BF02-83D37C044814}.Release|Any CPU.Build.0 = Release|Any CPU
		{19A42C90-E3D9-491D-AD64-558E965B972F}.Debug|Any CPU.ActiveCfg = Debug|Any CPU
		{19A42C90-E3D9-491D-AD64-558E965B972F}.Debug|Any CPU.Build.0 = Debug|Any CPU
		{19A42C90-E3D9-491D-AD64-558E965B972F}.Release|Any CPU.ActiveCfg = Release|Any CPU
		{19A42C90-E3D9-491D-AD64-558E965B972F}.Release|Any CPU.Build.0 = Release|Any CPU
		{1FF3FC03-88A9-437D-832A-2FDE8579F2F5}.Debug|Any CPU.ActiveCfg = Debug|Any CPU
		{1FF3FC03-88A9-437D-832A-2FDE8579F2F5}.Debug|Any CPU.Build.0 = Debug|Any CPU
		{1FF3FC03-88A9-437D-832A-2FDE8579F2F5}.Release|Any CPU.ActiveCfg = Release|Any CPU
		{1FF3FC03-88A9-437D-832A-2FDE8579F2F5}.Release|Any CPU.Build.0 = Release|Any CPU
		{1BC3E9F0-37CD-49A7-AB21-7C7D6DB6B8D6}.Debug|Any CPU.ActiveCfg = Debug|Any CPU
		{1BC3E9F0-37CD-49A7-AB21-7C7D6DB6B8D6}.Debug|Any CPU.Build.0 = Debug|Any CPU
		{1BC3E9F0-37CD-49A7-AB21-7C7D6DB6B8D6}.Release|Any CPU.ActiveCfg = Release|Any CPU
		{1BC3E9F0-37CD-49A7-AB21-7C7D6DB6B8D6}.Release|Any CPU.Build.0 = Release|Any CPU
		{1CB944CE-B62F-48E5-AB84-367C8B36CE9D}.Debug|Any CPU.ActiveCfg = Debug|Any CPU
		{1CB944CE-B62F-48E5-AB84-367C8B36CE9D}.Debug|Any CPU.Build.0 = Debug|Any CPU
		{1CB944CE-B62F-48E5-AB84-367C8B36CE9D}.Release|Any CPU.ActiveCfg = Release|Any CPU
		{1CB944CE-B62F-48E5-AB84-367C8B36CE9D}.Release|Any CPU.Build.0 = Release|Any CPU
		{EDF183F6-B2B3-4557-A4C1-3F6E26B19B35}.Debug|Any CPU.ActiveCfg = Debug|Any CPU
		{EDF183F6-B2B3-4557-A4C1-3F6E26B19B35}.Debug|Any CPU.Build.0 = Debug|Any CPU
		{EDF183F6-B2B3-4557-A4C1-3F6E26B19B35}.Release|Any CPU.ActiveCfg = Release|Any CPU
		{EDF183F6-B2B3-4557-A4C1-3F6E26B19B35}.Release|Any CPU.Build.0 = Release|Any CPU
		{11CB6963-78D4-4E52-90AF-80527A7498C3}.Debug|Any CPU.ActiveCfg = Debug|Any CPU
		{11CB6963-78D4-4E52-90AF-80527A7498C3}.Debug|Any CPU.Build.0 = Debug|Any CPU
		{11CB6963-78D4-4E52-90AF-80527A7498C3}.Release|Any CPU.ActiveCfg = Release|Any CPU
		{11CB6963-78D4-4E52-90AF-80527A7498C3}.Release|Any CPU.Build.0 = Release|Any CPU
		{73BD37CC-FFA4-4274-B352-AE7748CB329F}.Debug|Any CPU.ActiveCfg = Debug|Any CPU
		{73BD37CC-FFA4-4274-B352-AE7748CB329F}.Debug|Any CPU.Build.0 = Debug|Any CPU
		{73BD37CC-FFA4-4274-B352-AE7748CB329F}.Release|Any CPU.ActiveCfg = Release|Any CPU
		{73BD37CC-FFA4-4274-B352-AE7748CB329F}.Release|Any CPU.Build.0 = Release|Any CPU
		{792FC15E-69F8-4AF6-B5CB-4E2E2AB80A5B}.Debug|Any CPU.ActiveCfg = Debug|Any CPU
		{792FC15E-69F8-4AF6-B5CB-4E2E2AB80A5B}.Debug|Any CPU.Build.0 = Debug|Any CPU
		{792FC15E-69F8-4AF6-B5CB-4E2E2AB80A5B}.Release|Any CPU.ActiveCfg = Release|Any CPU
		{792FC15E-69F8-4AF6-B5CB-4E2E2AB80A5B}.Release|Any CPU.Build.0 = Release|Any CPU
		{56B005FD-DC4B-4934-BD80-278A106B4023}.Debug|Any CPU.ActiveCfg = Debug|Any CPU
		{56B005FD-DC4B-4934-BD80-278A106B4023}.Debug|Any CPU.Build.0 = Debug|Any CPU
		{56B005FD-DC4B-4934-BD80-278A106B4023}.Release|Any CPU.ActiveCfg = Release|Any CPU
		{56B005FD-DC4B-4934-BD80-278A106B4023}.Release|Any CPU.Build.0 = Release|Any CPU
		{DE8E95E7-8F60-42B2-B4FE-7822FCEDEDBA}.Debug|Any CPU.ActiveCfg = Debug|Any CPU
		{DE8E95E7-8F60-42B2-B4FE-7822FCEDEDBA}.Debug|Any CPU.Build.0 = Debug|Any CPU
		{DE8E95E7-8F60-42B2-B4FE-7822FCEDEDBA}.Release|Any CPU.ActiveCfg = Release|Any CPU
		{DE8E95E7-8F60-42B2-B4FE-7822FCEDEDBA}.Release|Any CPU.Build.0 = Release|Any CPU
	EndGlobalSection
	GlobalSection(SolutionProperties) = preSolution
		HideSolutionNode = FALSE
	EndGlobalSection
	GlobalSection(ExtensibilityGlobals) = postSolution
		SolutionGuid = {35BC4E28-0427-4E25-A3D2-8CD5023283F9}
	EndGlobalSection
EndGlobal
