
Microsoft Visual Studio Solution File, Format Version 12.00
# Visual Studio 15
VisualStudioVersion = 15.0.27703.2047
MinimumVisualStudioVersion = 10.0.40219.1
Project("{FAE04EC0-301F-11D3-BF4B-00C04F79EFBC}") = "RPP", "RPP\RPP.csproj", "{94D62739-8EFB-40B3-B794-A5AE46282AF1}"
EndProject
Project("{FAE04EC0-301F-11D3-BF4B-00C04F79EFBC}") = "Entidades", "Entidades\Entidades.csproj", "{A84E8033-8A02-4A17-AA3F-3E33C0835DCB}"
EndProject
Project("{FAE04EC0-301F-11D3-BF4B-00C04F79EFBC}") = "Sender", "Sender\Sender.csproj", "{82FA85C3-F77E-4D45-8AB7-193D58833514}"
EndProject
Global
	GlobalSection(SolutionConfigurationPlatforms) = preSolution
		Debug|Any CPU = Debug|Any CPU
		Release|Any CPU = Release|Any CPU
	EndGlobalSection
	GlobalSection(ProjectConfigurationPlatforms) = postSolution
		{94D62739-8EFB-40B3-B794-A5AE46282AF1}.Debug|Any CPU.ActiveCfg = Debug|Any CPU
		{94D62739-8EFB-40B3-B794-A5AE46282AF1}.Debug|Any CPU.Build.0 = Debug|Any CPU
		{94D62739-8EFB-40B3-B794-A5AE46282AF1}.Release|Any CPU.ActiveCfg = Release|Any CPU
		{94D62739-8EFB-40B3-B794-A5AE46282AF1}.Release|Any CPU.Build.0 = Release|Any CPU
		{A84E8033-8A02-4A17-AA3F-3E33C0835DCB}.Debug|Any CPU.ActiveCfg = Debug|Any CPU
		{A84E8033-8A02-4A17-AA3F-3E33C0835DCB}.Debug|Any CPU.Build.0 = Debug|Any CPU
		{A84E8033-8A02-4A17-AA3F-3E33C0835DCB}.Release|Any CPU.ActiveCfg = Release|Any CPU
		{A84E8033-8A02-4A17-AA3F-3E33C0835DCB}.Release|Any CPU.Build.0 = Release|Any CPU
		{82FA85C3-F77E-4D45-8AB7-193D58833514}.Debug|Any CPU.ActiveCfg = Debug|Any CPU
		{82FA85C3-F77E-4D45-8AB7-193D58833514}.Debug|Any CPU.Build.0 = Debug|Any CPU
		{82FA85C3-F77E-4D45-8AB7-193D58833514}.Release|Any CPU.ActiveCfg = Release|Any CPU
		{82FA85C3-F77E-4D45-8AB7-193D58833514}.Release|Any CPU.Build.0 = Release|Any CPU
	EndGlobalSection
	GlobalSection(SolutionProperties) = preSolution
		HideSolutionNode = FALSE
	EndGlobalSection
	GlobalSection(ExtensibilityGlobals) = postSolution
		SolutionGuid = {D8158657-442A-4161-A49F-921CBEFDCA7D}
	EndGlobalSection
EndGlobal
