
Microsoft Visual Studio Solution File, Format Version 12.00
# Visual Studio 15
VisualStudioVersion = 15.0.27703.2047
MinimumVisualStudioVersion = 10.0.40219.1
Project("{FAE04EC0-301F-11D3-BF4B-00C04F79EFBC}") = "Ejercicio01", "GuiaEjercicios\Ejercicio01.csproj", "{CE54A24E-97C1-4045-8E49-D362A7648C65}"
EndProject
Project("{FAE04EC0-301F-11D3-BF4B-00C04F79EFBC}") = "Ejercicio02", "Ejercicio02\Ejercicio02.csproj", "{6CCDDEED-77B5-4E43-8F55-776EFE113903}"
EndProject
Project("{FAE04EC0-301F-11D3-BF4B-00C04F79EFBC}") = "Ejercicio03", "Ejercicio03\Ejercicio03.csproj", "{658FE838-B47E-4504-A809-97F0DCBF5BF7}"
EndProject
Global
	GlobalSection(SolutionConfigurationPlatforms) = preSolution
		Debug|Any CPU = Debug|Any CPU
		Release|Any CPU = Release|Any CPU
	EndGlobalSection
	GlobalSection(ProjectConfigurationPlatforms) = postSolution
		{CE54A24E-97C1-4045-8E49-D362A7648C65}.Debug|Any CPU.ActiveCfg = Debug|Any CPU
		{CE54A24E-97C1-4045-8E49-D362A7648C65}.Debug|Any CPU.Build.0 = Debug|Any CPU
		{CE54A24E-97C1-4045-8E49-D362A7648C65}.Release|Any CPU.ActiveCfg = Release|Any CPU
		{CE54A24E-97C1-4045-8E49-D362A7648C65}.Release|Any CPU.Build.0 = Release|Any CPU
		{6CCDDEED-77B5-4E43-8F55-776EFE113903}.Debug|Any CPU.ActiveCfg = Debug|Any CPU
		{6CCDDEED-77B5-4E43-8F55-776EFE113903}.Debug|Any CPU.Build.0 = Debug|Any CPU
		{6CCDDEED-77B5-4E43-8F55-776EFE113903}.Release|Any CPU.ActiveCfg = Release|Any CPU
		{6CCDDEED-77B5-4E43-8F55-776EFE113903}.Release|Any CPU.Build.0 = Release|Any CPU
		{658FE838-B47E-4504-A809-97F0DCBF5BF7}.Debug|Any CPU.ActiveCfg = Debug|Any CPU
		{658FE838-B47E-4504-A809-97F0DCBF5BF7}.Debug|Any CPU.Build.0 = Debug|Any CPU
		{658FE838-B47E-4504-A809-97F0DCBF5BF7}.Release|Any CPU.ActiveCfg = Release|Any CPU
		{658FE838-B47E-4504-A809-97F0DCBF5BF7}.Release|Any CPU.Build.0 = Release|Any CPU
	EndGlobalSection
	GlobalSection(SolutionProperties) = preSolution
		HideSolutionNode = FALSE
	EndGlobalSection
	GlobalSection(ExtensibilityGlobals) = postSolution
		SolutionGuid = {4C348CF5-12F8-4448-8F5A-4B8A6C8D280C}
	EndGlobalSection
EndGlobal
